
Microsoft Visual Studio Solution File, Format Version 12.00
# Visual Studio Version 16
VisualStudioVersion = 16.0.808.7
MinimumVisualStudioVersion = 10.0.40219.1
Project("{FAE04EC0-301F-11D3-BF4B-00C04F79EFBC}") = "chartstest.iOS", "chartstest.iOS\chartstest.iOS.csproj", "{2ADDFF3F-BC58-46FD-A8FF-4C5C1EA4030C}"
EndProject
Project("{FAE04EC0-301F-11D3-BF4B-00C04F79EFBC}") = "chartstest", "chartstest\chartstest.csproj", "{317F12C2-C36B-417C-8523-384C1A4E1013}"
EndProject
Global
	GlobalSection(SolutionConfigurationPlatforms) = preSolution
		Debug|iPhoneSimulator = Debug|iPhoneSimulator
		Release|iPhoneSimulator = Release|iPhoneSimulator
		Debug|iPhone = Debug|iPhone
		Release|iPhone = Release|iPhone
		Debug|Any CPU = Debug|Any CPU
		Release|Any CPU = Release|Any CPU
	EndGlobalSection
	GlobalSection(ProjectConfigurationPlatforms) = postSolution
		{2ADDFF3F-BC58-46FD-A8FF-4C5C1EA4030C}.Debug|iPhoneSimulator.ActiveCfg = Debug|iPhoneSimulator
		{2ADDFF3F-BC58-46FD-A8FF-4C5C1EA4030C}.Debug|iPhoneSimulator.Build.0 = Debug|iPhoneSimulator
		{2ADDFF3F-BC58-46FD-A8FF-4C5C1EA4030C}.Release|iPhoneSimulator.ActiveCfg = Release|iPhoneSimulator
		{2ADDFF3F-BC58-46FD-A8FF-4C5C1EA4030C}.Release|iPhoneSimulator.Build.0 = Release|iPhoneSimulator
		{2ADDFF3F-BC58-46FD-A8FF-4C5C1EA4030C}.Debug|iPhone.ActiveCfg = Debug|iPhone
		{2ADDFF3F-BC58-46FD-A8FF-4C5C1EA4030C}.Debug|iPhone.Build.0 = Debug|iPhone
		{2ADDFF3F-BC58-46FD-A8FF-4C5C1EA4030C}.Release|iPhone.ActiveCfg = Release|iPhone
		{2ADDFF3F-BC58-46FD-A8FF-4C5C1EA4030C}.Release|iPhone.Build.0 = Release|iPhone
		{2ADDFF3F-BC58-46FD-A8FF-4C5C1EA4030C}.Debug|Any CPU.ActiveCfg = Debug|iPhoneSimulator
		{2ADDFF3F-BC58-46FD-A8FF-4C5C1EA4030C}.Debug|Any CPU.Build.0 = Debug|iPhoneSimulator
		{2ADDFF3F-BC58-46FD-A8FF-4C5C1EA4030C}.Release|Any CPU.ActiveCfg = Release|iPhoneSimulator
		{2ADDFF3F-BC58-46FD-A8FF-4C5C1EA4030C}.Release|Any CPU.Build.0 = Release|iPhoneSimulator
		{317F12C2-C36B-417C-8523-384C1A4E1013}.Debug|iPhoneSimulator.ActiveCfg = Debug|Any CPU
		{317F12C2-C36B-417C-8523-384C1A4E1013}.Debug|iPhoneSimulator.Build.0 = Debug|Any CPU
		{317F12C2-C36B-417C-8523-384C1A4E1013}.Release|iPhoneSimulator.ActiveCfg = Release|Any CPU
		{317F12C2-C36B-417C-8523-384C1A4E1013}.Release|iPhoneSimulator.Build.0 = Release|Any CPU
		{317F12C2-C36B-417C-8523-384C1A4E1013}.Debug|iPhone.ActiveCfg = Debug|Any CPU
		{317F12C2-C36B-417C-8523-384C1A4E1013}.Debug|iPhone.Build.0 = Debug|Any CPU
		{317F12C2-C36B-417C-8523-384C1A4E1013}.Release|iPhone.ActiveCfg = Release|Any CPU
		{317F12C2-C36B-417C-8523-384C1A4E1013}.Release|iPhone.Build.0 = Release|Any CPU
		{317F12C2-C36B-417C-8523-384C1A4E1013}.Debug|Any CPU.ActiveCfg = Debug|Any CPU
		{317F12C2-C36B-417C-8523-384C1A4E1013}.Debug|Any CPU.Build.0 = Debug|Any CPU
		{317F12C2-C36B-417C-8523-384C1A4E1013}.Release|Any CPU.ActiveCfg = Release|Any CPU
		{317F12C2-C36B-417C-8523-384C1A4E1013}.Release|Any CPU.Build.0 = Release|Any CPU
	EndGlobalSection
	GlobalSection(SolutionProperties) = preSolution
		HideSolutionNode = FALSE
	EndGlobalSection
	GlobalSection(ExtensibilityGlobals) = postSolution
		SolutionGuid = {04D60BCE-C953-41A6-9F2F-C0DCFC1D9B6E}
	EndGlobalSection
EndGlobal
